
Microsoft Visual Studio Solution File, Format Version 11.00
# Visual Studio 2010
Project("{FAE04EC0-301F-11D3-BF4B-00C04F79EFBC}") = "uniclip", "uniclip\uniclip.csproj", "{15A5DEBF-D483-4179-B94B-594BEA34E61F}"
EndProject
Global
	GlobalSection(SolutionConfigurationPlatforms) = preSolution
		Debug|Any CPU = Debug|Any CPU
		Debug|x86 = Debug|x86
		Release|Any CPU = Release|Any CPU
		Release|x86 = Release|x86
	EndGlobalSection
	GlobalSection(ProjectConfigurationPlatforms) = postSolution
		{15A5DEBF-D483-4179-B94B-594BEA34E61F}.Debug|Any CPU.ActiveCfg = Debug|Any CPU
		{15A5DEBF-D483-4179-B94B-594BEA34E61F}.Debug|Any CPU.Build.0 = Debug|Any CPU
		{15A5DEBF-D483-4179-B94B-594BEA34E61F}.Debug|x86.ActiveCfg = Debug|x86
		{15A5DEBF-D483-4179-B94B-594BEA34E61F}.Debug|x86.Build.0 = Debug|x86
		{15A5DEBF-D483-4179-B94B-594BEA34E61F}.Release|Any CPU.ActiveCfg = Release|Any CPU
		{15A5DEBF-D483-4179-B94B-594BEA34E61F}.Release|Any CPU.Build.0 = Release|Any CPU
		{15A5DEBF-D483-4179-B94B-594BEA34E61F}.Release|x86.ActiveCfg = Release|x86
		{15A5DEBF-D483-4179-B94B-594BEA34E61F}.Release|x86.Build.0 = Release|x86
	EndGlobalSection
	GlobalSection(SolutionProperties) = preSolution
		HideSolutionNode = FALSE
	EndGlobalSection
	GlobalSection(ExtensibilityGlobals) = postSolution
		BuildVersion_UseGlobalSettings = True
		BuildVersion_StartDate = 2024/4/20
		BuildVersion_AssemblyInfoFilename = uniclip\Properties\AssemblyInfo.cs
		BuildVersion_UpdateAssemblyVersion = True
		BuildVersion_UpdateFileVersion = True
		BuildVersion_BuildVersioningStyle = None.None.MonthAndDayStamp.Increment
	EndGlobalSection
EndGlobal
